
Microsoft Visual Studio Solution File, Format Version 12.00
# Visual Studio Version 17
VisualStudioVersion = 17.8.34322.80
MinimumVisualStudioVersion = 10.0.40219.1
Project("{9A19103F-16F7-4668-BE54-9A1E7A4F7556}") = "progressScript", "progressScript\progressScript.csproj", "{F261F1CA-4864-4B60-BEB1-322C1E4DC2A2}"
EndProject
Project("{2150E333-8FDC-42A3-9474-1A3956D46DE8}") = "Solution Items", "Solution Items", "{39F10E96-2686-4E6A-8211-FD6B9964641E}"
	ProjectSection(SolutionItems) = preProject
		progressScript\bin\Debug\net8.0\create_folders_script.ps1 = progressScript\bin\Debug\net8.0\create_folders_script.ps1
	EndProjectSection
EndProject
Global
	GlobalSection(SolutionConfigurationPlatforms) = preSolution
		Debug|Any CPU = Debug|Any CPU
		Release|Any CPU = Release|Any CPU
	EndGlobalSection
	GlobalSection(ProjectConfigurationPlatforms) = postSolution
		{F261F1CA-4864-4B60-BEB1-322C1E4DC2A2}.Debug|Any CPU.ActiveCfg = Debug|Any CPU
		{F261F1CA-4864-4B60-BEB1-322C1E4DC2A2}.Debug|Any CPU.Build.0 = Debug|Any CPU
		{F261F1CA-4864-4B60-BEB1-322C1E4DC2A2}.Release|Any CPU.ActiveCfg = Release|Any CPU
		{F261F1CA-4864-4B60-BEB1-322C1E4DC2A2}.Release|Any CPU.Build.0 = Release|Any CPU
	EndGlobalSection
	GlobalSection(SolutionProperties) = preSolution
		HideSolutionNode = FALSE
	EndGlobalSection
	GlobalSection(ExtensibilityGlobals) = postSolution
		SolutionGuid = {D47D80C2-633E-41C7-BBE5-274695A436A6}
	EndGlobalSection
EndGlobal
